
Microsoft Visual Studio Solution File, Format Version 12.00
# Visual Studio Version 17
VisualStudioVersion = 17.4.33110.190
MinimumVisualStudioVersion = 10.0.40219.1
Project("{FAE04EC0-301F-11D3-BF4B-00C04F79EFBC}") = "DisModels5", "DisModels5.csproj", "{4CEDC074-3158-45C7-861C-9C1DB1BE3DD4}"
EndProject
Global
	GlobalSection(SolutionConfigurationPlatforms) = preSolution
		Debug|Any CPU = Debug|Any CPU
		Release|Any CPU = Release|Any CPU
	EndGlobalSection
	GlobalSection(ProjectConfigurationPlatforms) = postSolution
		{4CEDC074-3158-45C7-861C-9C1DB1BE3DD4}.Debug|Any CPU.ActiveCfg = Debug|Any CPU
		{4CEDC074-3158-45C7-861C-9C1DB1BE3DD4}.Debug|Any CPU.Build.0 = Debug|Any CPU
		{4CEDC074-3158-45C7-861C-9C1DB1BE3DD4}.Release|Any CPU.ActiveCfg = Release|Any CPU
		{4CEDC074-3158-45C7-861C-9C1DB1BE3DD4}.Release|Any CPU.Build.0 = Release|Any CPU
	EndGlobalSection
	GlobalSection(SolutionProperties) = preSolution
		HideSolutionNode = FALSE
	EndGlobalSection
	GlobalSection(ExtensibilityGlobals) = postSolution
		SolutionGuid = {3CAF4D8B-1625-4F59-9DB6-50A81B5AEB7E}
	EndGlobalSection
EndGlobal
